
Microsoft Visual Studio Solution File, Format Version 12.00
# Visual Studio 15
VisualStudioVersion = 15.0.26430.16
MinimumVisualStudioVersion = 10.0.40219.1
Project("{9A19103F-16F7-4668-BE54-9A1E7A4F7556}") = "CustomerAppUI", "CustomerAppUI\CustomerAppUI.csproj", "{B84BA12E-9117-4C29-9BAA-DED49444CB09}"
EndProject
Project("{9A19103F-16F7-4668-BE54-9A1E7A4F7556}") = "CustomerAppBLL", "CustomerAppBLL\CustomerAppBLL.csproj", "{75A5C75D-43CA-4F53-B8DF-E37C808A527A}"
EndProject
Project("{9A19103F-16F7-4668-BE54-9A1E7A4F7556}") = "CustomerAppDAL", "CustomerAppDAL\CustomerAppDAL.csproj", "{83AFEA81-FC94-4A19-BF33-C64B02F1AFAC}"
EndProject
Global
	GlobalSection(SolutionConfigurationPlatforms) = preSolution
		Debug|Any CPU = Debug|Any CPU
		Release|Any CPU = Release|Any CPU
	EndGlobalSection
	GlobalSection(ProjectConfigurationPlatforms) = postSolution
		{B84BA12E-9117-4C29-9BAA-DED49444CB09}.Debug|Any CPU.ActiveCfg = Debug|Any CPU
		{B84BA12E-9117-4C29-9BAA-DED49444CB09}.Debug|Any CPU.Build.0 = Debug|Any CPU
		{B84BA12E-9117-4C29-9BAA-DED49444CB09}.Release|Any CPU.ActiveCfg = Release|Any CPU
		{B84BA12E-9117-4C29-9BAA-DED49444CB09}.Release|Any CPU.Build.0 = Release|Any CPU
		{75A5C75D-43CA-4F53-B8DF-E37C808A527A}.Debug|Any CPU.ActiveCfg = Debug|Any CPU
		{75A5C75D-43CA-4F53-B8DF-E37C808A527A}.Debug|Any CPU.Build.0 = Debug|Any CPU
		{75A5C75D-43CA-4F53-B8DF-E37C808A527A}.Release|Any CPU.ActiveCfg = Release|Any CPU
		{75A5C75D-43CA-4F53-B8DF-E37C808A527A}.Release|Any CPU.Build.0 = Release|Any CPU
		{83AFEA81-FC94-4A19-BF33-C64B02F1AFAC}.Debug|Any CPU.ActiveCfg = Debug|Any CPU
		{83AFEA81-FC94-4A19-BF33-C64B02F1AFAC}.Debug|Any CPU.Build.0 = Debug|Any CPU
		{83AFEA81-FC94-4A19-BF33-C64B02F1AFAC}.Release|Any CPU.ActiveCfg = Release|Any CPU
		{83AFEA81-FC94-4A19-BF33-C64B02F1AFAC}.Release|Any CPU.Build.0 = Release|Any CPU
	EndGlobalSection
	GlobalSection(SolutionProperties) = preSolution
		HideSolutionNode = FALSE
	EndGlobalSection
EndGlobal
